
Microsoft Visual Studio Solution File, Format Version 12.00
# Visual Studio 2012
Project("{FAE04EC0-301F-11D3-BF4B-00C04F79EFBC}") = "Giti", "Giti\Giti.csproj", "{AA16587D-4C49-408C-BD43-631A76614FA0}"
EndProject
Global
	GlobalSection(SolutionConfigurationPlatforms) = preSolution
		Debug|Any CPU = Debug|Any CPU
		Release|Any CPU = Release|Any CPU
	EndGlobalSection
	GlobalSection(ProjectConfigurationPlatforms) = postSolution
		{AA16587D-4C49-408C-BD43-631A76614FA0}.Debug|Any CPU.ActiveCfg = Debug|Any CPU
		{AA16587D-4C49-408C-BD43-631A76614FA0}.Debug|Any CPU.Build.0 = Debug|Any CPU
		{AA16587D-4C49-408C-BD43-631A76614FA0}.Release|Any CPU.ActiveCfg = Release|Any CPU
		{AA16587D-4C49-408C-BD43-631A76614FA0}.Release|Any CPU.Build.0 = Release|Any CPU
	EndGlobalSection
EndGlobal
